
Microsoft Visual Studio Solution File, Format Version 12.00
# Visual Studio Version 17
VisualStudioVersion = 17.9.34622.214
MinimumVisualStudioVersion = 10.0.40219.1
Project("{FAE04EC0-301F-11D3-BF4B-00C04F79EFBC}") = "ZenCoreService", "ZenCoreService\ZenCoreService.csproj", "{0380F28D-5366-4629-A18E-DB16575E0DEE}"
EndProject
Project("{FAE04EC0-301F-11D3-BF4B-00C04F79EFBC}") = "ZenReportingService", "ZenReportingService\ZenReportingService.csproj", "{82262A7E-E0F5-46D1-8A6D-A86B7EA93609}"
EndProject
Global
	GlobalSection(SolutionConfigurationPlatforms) = preSolution
		Debug|Any CPU = Debug|Any CPU
		Release|Any CPU = Release|Any CPU
	EndGlobalSection
	GlobalSection(ProjectConfigurationPlatforms) = postSolution
		{0380F28D-5366-4629-A18E-DB16575E0DEE}.Debug|Any CPU.ActiveCfg = Debug|Any CPU
		{0380F28D-5366-4629-A18E-DB16575E0DEE}.Debug|Any CPU.Build.0 = Debug|Any CPU
		{0380F28D-5366-4629-A18E-DB16575E0DEE}.Release|Any CPU.ActiveCfg = Release|Any CPU
		{0380F28D-5366-4629-A18E-DB16575E0DEE}.Release|Any CPU.Build.0 = Release|Any CPU
		{82262A7E-E0F5-46D1-8A6D-A86B7EA93609}.Debug|Any CPU.ActiveCfg = Debug|Any CPU
		{82262A7E-E0F5-46D1-8A6D-A86B7EA93609}.Debug|Any CPU.Build.0 = Debug|Any CPU
		{82262A7E-E0F5-46D1-8A6D-A86B7EA93609}.Release|Any CPU.ActiveCfg = Release|Any CPU
		{82262A7E-E0F5-46D1-8A6D-A86B7EA93609}.Release|Any CPU.Build.0 = Release|Any CPU
	EndGlobalSection
	GlobalSection(SolutionProperties) = preSolution
		HideSolutionNode = FALSE
	EndGlobalSection
	GlobalSection(ExtensibilityGlobals) = postSolution
		SolutionGuid = {4A990414-CB58-4D07-955D-AE3DBFD7AFEC}
	EndGlobalSection
EndGlobal
